
Microsoft Visual Studio Solution File, Format Version 12.00
# Visual Studio Version 17
VisualStudioVersion = 17.14.36109.1
MinimumVisualStudioVersion = 10.0.40219.1
Project("{FAE04EC0-301F-11D3-BF4B-00C04F79EFBC}") = "Hello World", "Hello World\Hello World.csproj", "{AF6B5F6A-E83C-4FCD-AB34-523698B6D4C2}"
EndProject
Global
	GlobalSection(SolutionConfigurationPlatforms) = preSolution
		Debug|Any CPU = Debug|Any CPU
		Release|Any CPU = Release|Any CPU
	EndGlobalSection
	GlobalSection(ProjectConfigurationPlatforms) = postSolution
		{AF6B5F6A-E83C-4FCD-AB34-523698B6D4C2}.Debug|Any CPU.ActiveCfg = Debug|Any CPU
		{AF6B5F6A-E83C-4FCD-AB34-523698B6D4C2}.Debug|Any CPU.Build.0 = Debug|Any CPU
		{AF6B5F6A-E83C-4FCD-AB34-523698B6D4C2}.Release|Any CPU.ActiveCfg = Release|Any CPU
		{AF6B5F6A-E83C-4FCD-AB34-523698B6D4C2}.Release|Any CPU.Build.0 = Release|Any CPU
	EndGlobalSection
	GlobalSection(SolutionProperties) = preSolution
		HideSolutionNode = FALSE
	EndGlobalSection
	GlobalSection(ExtensibilityGlobals) = postSolution
		SolutionGuid = {99CFC8A1-10E9-45E0-BFA1-D3042CA990F1}
	EndGlobalSection
EndGlobal
