
Microsoft Visual Studio Solution File, Format Version 12.00
# Visual Studio Version 17
VisualStudioVersion = 17.14.36119.2 d17.14
MinimumVisualStudioVersion = 10.0.40219.1
Project("{FAE04EC0-301F-11D3-BF4B-00C04F79EFBC}") = "Lab1", "Lab1\Lab1.csproj", "{43AB6C55-3FE4-4459-85B8-A3DB0951BED4}"
EndProject
Global
	GlobalSection(SolutionConfigurationPlatforms) = preSolution
		Debug|Any CPU = Debug|Any CPU
		Release|Any CPU = Release|Any CPU
	EndGlobalSection
	GlobalSection(ProjectConfigurationPlatforms) = postSolution
		{43AB6C55-3FE4-4459-85B8-A3DB0951BED4}.Debug|Any CPU.ActiveCfg = Debug|Any CPU
		{43AB6C55-3FE4-4459-85B8-A3DB0951BED4}.Debug|Any CPU.Build.0 = Debug|Any CPU
		{43AB6C55-3FE4-4459-85B8-A3DB0951BED4}.Release|Any CPU.ActiveCfg = Release|Any CPU
		{43AB6C55-3FE4-4459-85B8-A3DB0951BED4}.Release|Any CPU.Build.0 = Release|Any CPU
	EndGlobalSection
	GlobalSection(SolutionProperties) = preSolution
		HideSolutionNode = FALSE
	EndGlobalSection
	GlobalSection(ExtensibilityGlobals) = postSolution
		SolutionGuid = {4038DA91-9C45-484E-99A7-A019A190D7E1}
	EndGlobalSection
EndGlobal
