
Microsoft Visual Studio Solution File, Format Version 12.00
# Visual Studio Version 17
VisualStudioVersion = 17.14.36119.2
MinimumVisualStudioVersion = 10.0.40219.1
Project("{FAE04EC0-301F-11D3-BF4B-00C04F79EFBC}") = "EX1", "EX1\EX1.csproj", "{1CF4D161-70D7-4A95-8FC0-9477995C7C6D}"
EndProject
Project("{FAE04EC0-301F-11D3-BF4B-00C04F79EFBC}") = "EX2", "EX2\EX2.csproj", "{8FA52C3D-88AA-4265-8BBD-07DDD8A390AB}"
EndProject
Project("{FAE04EC0-301F-11D3-BF4B-00C04F79EFBC}") = "EX3", "EX3\EX3.csproj", "{86D24346-9167-4649-AD59-14CD7A364B79}"
EndProject
Global
	GlobalSection(SolutionConfigurationPlatforms) = preSolution
		Debug|Any CPU = Debug|Any CPU
		Release|Any CPU = Release|Any CPU
	EndGlobalSection
	GlobalSection(ProjectConfigurationPlatforms) = postSolution
		{1CF4D161-70D7-4A95-8FC0-9477995C7C6D}.Debug|Any CPU.ActiveCfg = Debug|Any CPU
		{1CF4D161-70D7-4A95-8FC0-9477995C7C6D}.Debug|Any CPU.Build.0 = Debug|Any CPU
		{1CF4D161-70D7-4A95-8FC0-9477995C7C6D}.Release|Any CPU.ActiveCfg = Release|Any CPU
		{1CF4D161-70D7-4A95-8FC0-9477995C7C6D}.Release|Any CPU.Build.0 = Release|Any CPU
		{8FA52C3D-88AA-4265-8BBD-07DDD8A390AB}.Debug|Any CPU.ActiveCfg = Debug|Any CPU
		{8FA52C3D-88AA-4265-8BBD-07DDD8A390AB}.Debug|Any CPU.Build.0 = Debug|Any CPU
		{8FA52C3D-88AA-4265-8BBD-07DDD8A390AB}.Release|Any CPU.ActiveCfg = Release|Any CPU
		{8FA52C3D-88AA-4265-8BBD-07DDD8A390AB}.Release|Any CPU.Build.0 = Release|Any CPU
		{86D24346-9167-4649-AD59-14CD7A364B79}.Debug|Any CPU.ActiveCfg = Debug|Any CPU
		{86D24346-9167-4649-AD59-14CD7A364B79}.Debug|Any CPU.Build.0 = Debug|Any CPU
		{86D24346-9167-4649-AD59-14CD7A364B79}.Release|Any CPU.ActiveCfg = Release|Any CPU
		{86D24346-9167-4649-AD59-14CD7A364B79}.Release|Any CPU.Build.0 = Release|Any CPU
	EndGlobalSection
	GlobalSection(SolutionProperties) = preSolution
		HideSolutionNode = FALSE
	EndGlobalSection
	GlobalSection(ExtensibilityGlobals) = postSolution
		SolutionGuid = {F76E13EE-7413-48C0-BD66-233087B9341C}
	EndGlobalSection
EndGlobal
